// !$*UTF8*$!
{
	archiveVersion = 1;
	classes = {
	};
	objectVersion = 46;
	objects = {

/* Begin PBXBuildFile section */
		2877E7FE1811B64000546343 /* Foundation.framework in Frameworks */ = {isa = PBXBuildFile; fileRef = 2877E7FD1811B64000546343 /* Foundation.framework */; };
		2877E8001811B64000546343 /* CoreGraphics.framework in Frameworks */ = {isa = PBXBuildFile; fileRef = 2877E7FF1811B64000546343 /* CoreGraphics.framework */; };
		2877E8021811B64000546343 /* UIKit.framework in Frameworks */ = {isa = PBXBuildFile; fileRef = 2877E8011811B64000546343 /* UIKit.framework */; };
		2877E8081811B64000546343 /* InfoPlist.strings in Resources */ = {isa = PBXBuildFile; fileRef = 2877E8061811B64000546343 /* InfoPlist.strings */; };
		2877E80A1811B64000546343 /* main.m in Sources */ = {isa = PBXBuildFile; fileRef = 2877E8091811B64000546343 /* main.m */; };
		2877E80E1811B64000546343 /* BCAppDelegate.m in Sources */ = {isa = PBXBuildFile; fileRef = 2877E80D1811B64000546343 /* BCAppDelegate.m */; };
		2877E8101811B64000546343 /* Images.xcassets in Resources */ = {isa = PBXBuildFile; fileRef = 2877E80F1811B64000546343 /* Images.xcassets */; };
		2877E8171811B64000546343 /* XCTest.framework in Frameworks */ = {isa = PBXBuildFile; fileRef = 2877E8161811B64000546343 /* XCTest.framework */; };
		2877E8181811B64000546343 /* Foundation.framework in Frameworks */ = {isa = PBXBuildFile; fileRef = 2877E7FD1811B64000546343 /* Foundation.framework */; };
		2877E8191811B64000546343 /* UIKit.framework in Frameworks */ = {isa = PBXBuildFile; fileRef = 2877E8011811B64000546343 /* UIKit.framework */; };
		2877E8211811B64000546343 /* InfoPlist.strings in Resources */ = {isa = PBXBuildFile; fileRef = 2877E81F1811B64000546343 /* InfoPlist.strings */; };
		2877E8231811B64000546343 /* BrowserComsumptionTests.m in Sources */ = {isa = PBXBuildFile; fileRef = 2877E8221811B64000546343 /* BrowserComsumptionTests.m */; };
		2877E8331812213400546343 /* BCMainViewController.m in Sources */ = {isa = PBXBuildFile; fileRef = 2877E8311812213400546343 /* BCMainViewController.m */; };
		2877E8341812213400546343 /* BCMainViewController.xib in Resources */ = {isa = PBXBuildFile; fileRef = 2877E8321812213400546343 /* BCMainViewController.xib */; };
		2877E8361812259300546343 /* browser_content.html in Resources */ = {isa = PBXBuildFile; fileRef = 2877E8351812259300546343 /* browser_content.html */; };
/* End PBXBuildFile section */

/* Begin PBXContainerItemProxy section */
		2877E81A1811B64000546343 /* PBXContainerItemProxy */ = {
			isa = PBXContainerItemProxy;
			containerPortal = 2877E7F21811B64000546343 /* Project object */;
			proxyType = 1;
			remoteGlobalIDString = 2877E7F91811B64000546343;
			remoteInfo = BrowserComsumption;
		};
/* End PBXContainerItemProxy section */

/* Begin PBXFileReference section */
		2877E7FA1811B64000546343 /* BrowserComsumption.app */ = {isa = PBXFileReference; explicitFileType = wrapper.application; includeInIndex = 0; path = BrowserComsumption.app; sourceTree = BUILT_PRODUCTS_DIR; };
		2877E7FD1811B64000546343 /* Foundation.framework */ = {isa = PBXFileReference; lastKnownFileType = wrapper.framework; name = Foundation.framework; path = System/Library/Frameworks/Foundation.framework; sourceTree = SDKROOT; };
		2877E7FF1811B64000546343 /* CoreGraphics.framework */ = {isa = PBXFileReference; lastKnownFileType = wrapper.framework; name = CoreGraphics.framework; path = System/Library/Frameworks/CoreGraphics.framework; sourceTree = SDKROOT; };
		2877E8011811B64000546343 /* UIKit.framework */ = {isa = PBXFileReference; lastKnownFileType = wrapper.framework; name = UIKit.framework; path = System/Library/Frameworks/UIKit.framework; sourceTree = SDKROOT; };
		2877E8051811B64000546343 /* BrowserComsumption-Info.plist */ = {isa = PBXFileReference; lastKnownFileType = text.plist.xml; path = "BrowserComsumption-Info.plist"; sourceTree = "<group>"; };
		2877E8071811B64000546343 /* en */ = {isa = PBXFileReference; lastKnownFileType = text.plist.strings; name = en; path = en.lproj/InfoPlist.strings; sourceTree = "<group>"; };
		2877E8091811B64000546343 /* main.m */ = {isa = PBXFileReference; lastKnownFileType = sourcecode.c.objc; path = main.m; sourceTree = "<group>"; };
		2877E80B1811B64000546343 /* BrowserComsumption-Prefix.pch */ = {isa = PBXFileReference; lastKnownFileType = sourcecode.c.h; path = "BrowserComsumption-Prefix.pch"; sourceTree = "<group>"; };
		2877E80C1811B64000546343 /* BCAppDelegate.h */ = {isa = PBXFileReference; lastKnownFileType = sourcecode.c.h; path = BCAppDelegate.h; sourceTree = "<group>"; };
		2877E80D1811B64000546343 /* BCAppDelegate.m */ = {isa = PBXFileReference; lastKnownFileType = sourcecode.c.objc; path = BCAppDelegate.m; sourceTree = "<group>"; };
		2877E80F1811B64000546343 /* Images.xcassets */ = {isa = PBXFileReference; lastKnownFileType = folder.assetcatalog; path = Images.xcassets; sourceTree = "<group>"; };
		2877E8151811B64000546343 /* BrowserComsumptionTests.xctest */ = {isa = PBXFileReference; explicitFileType = wrapper.cfbundle; includeInIndex = 0; path = BrowserComsumptionTests.xctest; sourceTree = BUILT_PRODUCTS_DIR; };
		2877E8161811B64000546343 /* XCTest.framework */ = {isa = PBXFileReference; lastKnownFileType = wrapper.framework; name = XCTest.framework; path = Library/Frameworks/XCTest.framework; sourceTree = DEVELOPER_DIR; };
		2877E81E1811B64000546343 /* BrowserComsumptionTests-Info.plist */ = {isa = PBXFileReference; lastKnownFileType = text.plist.xml; path = "BrowserComsumptionTests-Info.plist"; sourceTree = "<group>"; };
		2877E8201811B64000546343 /* en */ = {isa = PBXFileReference; lastKnownFileType = text.plist.strings; name = en; path = en.lproj/InfoPlist.strings; sourceTree = "<group>"; };
		2877E8221811B64000546343 /* BrowserComsumptionTests.m */ = {isa = PBXFileReference; lastKnownFileType = sourcecode.c.objc; path = BrowserComsumptionTests.m; sourceTree = "<group>"; };
		2877E8301812213400546343 /* BCMainViewController.h */ = {isa = PBXFileReference; fileEncoding = 4; lastKnownFileType = sourcecode.c.h; path = BCMainViewController.h; sourceTree = "<group>"; };
		2877E8311812213400546343 /* BCMainViewController.m */ = {isa = PBXFileReference; fileEncoding = 4; lastKnownFileType = sourcecode.c.objc; path = BCMainViewController.m; sourceTree = "<group>"; };
		2877E8321812213400546343 /* BCMainViewController.xib */ = {isa = PBXFileReference; fileEncoding = 4; lastKnownFileType = file.xib; path = BCMainViewController.xib; sourceTree = "<group>"; };
		2877E8351812259300546343 /* browser_content.html */ = {isa = PBXFileReference; fileEncoding = 4; lastKnownFileType = text.html; path = browser_content.html; sourceTree = "<group>"; };
/* End PBXFileReference section */

/* Begin PBXFrameworksBuildPhase section */
		2877E7F71811B64000546343 /* Frameworks */ = {
			isa = PBXFrameworksBuildPhase;
			buildActionMask = 2147483647;
			files = (
				2877E8001811B64000546343 /* CoreGraphics.framework in Frameworks */,
				2877E8021811B64000546343 /* UIKit.framework in Frameworks */,
				2877E7FE1811B64000546343 /* Foundation.framework in Frameworks */,
			);
			runOnlyForDeploymentPostprocessing = 0;
		};
		2877E8121811B64000546343 /* Frameworks */ = {
			isa = PBXFrameworksBuildPhase;
			buildActionMask = 2147483647;
			files = (
				2877E8171811B64000546343 /* XCTest.framework in Frameworks */,
				2877E8191811B64000546343 /* UIKit.framework in Frameworks */,
				2877E8181811B64000546343 /* Foundation.framework in Frameworks */,
			);
			runOnlyForDeploymentPostprocessing = 0;
		};
/* End PBXFrameworksBuildPhase section */

/* Begin PBXGroup section */
		2877E7F11811B64000546343 = {
			isa = PBXGroup;
			children = (
				2877E8031811B64000546343 /* BrowserComsumption */,
				2877E81C1811B64000546343 /* BrowserComsumptionTests */,
				2877E7FC1811B64000546343 /* Frameworks */,
				2877E7FB1811B64000546343 /* Products */,
			);
			sourceTree = "<group>";
		};
		2877E7FB1811B64000546343 /* Products */ = {
			isa = PBXGroup;
			children = (
				2877E7FA1811B64000546343 /* BrowserComsumption.app */,
				2877E8151811B64000546343 /* BrowserComsumptionTests.xctest */,
			);
			name = Products;
			sourceTree = "<group>";
		};
		2877E7FC1811B64000546343 /* Frameworks */ = {
			isa = PBXGroup;
			children = (
				2877E7FD1811B64000546343 /* Foundation.framework */,
				2877E7FF1811B64000546343 /* CoreGraphics.framework */,
				2877E8011811B64000546343 /* UIKit.framework */,
				2877E8161811B64000546343 /* XCTest.framework */,
			);
			name = Frameworks;
			sourceTree = "<group>";
		};
		2877E8031811B64000546343 /* BrowserComsumption */ = {
			isa = PBXGroup;
			children = (
				2877E80C1811B64000546343 /* BCAppDelegate.h */,
				2877E80D1811B64000546343 /* BCAppDelegate.m */,
				2877E8301812213400546343 /* BCMainViewController.h */,
				2877E8311812213400546343 /* BCMainViewController.m */,
				2877E8321812213400546343 /* BCMainViewController.xib */,
				2877E80F1811B64000546343 /* Images.xcassets */,
				2877E8041811B64000546343 /* Supporting Files */,
			);
			path = BrowserComsumption;
			sourceTree = "<group>";
		};
		2877E8041811B64000546343 /* Supporting Files */ = {
			isa = PBXGroup;
			children = (
				2877E8351812259300546343 /* browser_content.html */,
				2877E8051811B64000546343 /* BrowserComsumption-Info.plist */,
				2877E8061811B64000546343 /* InfoPlist.strings */,
				2877E8091811B64000546343 /* main.m */,
				2877E80B1811B64000546343 /* BrowserComsumption-Prefix.pch */,
			);
			name = "Supporting Files";
			sourceTree = "<group>";
		};
		2877E81C1811B64000546343 /* BrowserComsumptionTests */ = {
			isa = PBXGroup;
			children = (
				2877E8221811B64000546343 /* BrowserComsumptionTests.m */,
				2877E81D1811B64000546343 /* Supporting Files */,
			);
			path = BrowserComsumptionTests;
			sourceTree = "<group>";
		};
		2877E81D1811B64000546343 /* Supporting Files */ = {
			isa = PBXGroup;
			children = (
				2877E81E1811B64000546343 /* BrowserComsumptionTests-Info.plist */,
				2877E81F1811B64000546343 /* InfoPlist.strings */,
			);
			name = "Supporting Files";
			sourceTree = "<group>";
		};
/* End PBXGroup section */

/* Begin PBXNativeTarget section */
		2877E7F91811B64000546343 /* BrowserComsumption */ = {
			isa = PBXNativeTarget;
			buildConfigurationList = 2877E8261811B64000546343 /* Build configuration list for PBXNativeTarget "BrowserComsumption" */;
			buildPhases = (
				2877E7F61811B64000546343 /* Sources */,
				2877E7F71811B64000546343 /* Frameworks */,
				2877E7F81811B64000546343 /* Resources */,
			);
			buildRules = (
			);
			dependencies = (
			);
			name = BrowserComsumption;
			productName = BrowserComsumption;
			productReference = 2877E7FA1811B64000546343 /* BrowserComsumption.app */;
			productType = "com.apple.product-type.application";
		};
		2877E8141811B64000546343 /* BrowserComsumptionTests */ = {
			isa = PBXNativeTarget;
			buildConfigurationList = 2877E8291811B64000546343 /* Build configuration list for PBXNativeTarget "BrowserComsumptionTests" */;
			buildPhases = (
				2877E8111811B64000546343 /* Sources */,
				2877E8121811B64000546343 /* Frameworks */,
				2877E8131811B64000546343 /* Resources */,
			);
			buildRules = (
			);
			dependencies = (
				2877E81B1811B64000546343 /* PBXTargetDependency */,
			);
			name = BrowserComsumptionTests;
			productName = BrowserComsumptionTests;
			productReference = 2877E8151811B64000546343 /* BrowserComsumptionTests.xctest */;
			productType = "com.apple.product-type.bundle.unit-test";
		};
/* End PBXNativeTarget section */

/* Begin PBXProject section */
		2877E7F21811B64000546343 /* Project object */ = {
			isa = PBXProject;
			attributes = {
				CLASSPREFIX = BC;
				LastUpgradeCheck = 0500;
				ORGANIZATIONNAME = Irae;
				TargetAttributes = {
					2877E8141811B64000546343 = {
						TestTargetID = 2877E7F91811B64000546343;
					};
				};
			};
			buildConfigurationList = 2877E7F51811B64000546343 /* Build configuration list for PBXProject "BrowserComsumption" */;
			compatibilityVersion = "Xcode 3.2";
			developmentRegion = English;
			hasScannedForEncodings = 0;
			knownRegions = (
				en,
			);
			mainGroup = 2877E7F11811B64000546343;
			productRefGroup = 2877E7FB1811B64000546343 /* Products */;
			projectDirPath = "";
			projectRoot = "";
			targets = (
				2877E7F91811B64000546343 /* BrowserComsumption */,
				2877E8141811B64000546343 /* BrowserComsumptionTests */,
			);
		};
/* End PBXProject section */

/* Begin PBXResourcesBuildPhase section */
		2877E7F81811B64000546343 /* Resources */ = {
			isa = PBXResourcesBuildPhase;
			buildActionMask = 2147483647;
			files = (
				2877E8081811B64000546343 /* InfoPlist.strings in Resources */,
				2877E8341812213400546343 /* BCMainViewController.xib in Resources */,
				2877E8361812259300546343 /* browser_content.html in Resources */,
				2877E8101811B64000546343 /* Images.xcassets in Resources */,
			);
			runOnlyForDeploymentPostprocessing = 0;
		};
		2877E8131811B64000546343 /* Resources */ = {
			isa = PBXResourcesBuildPhase;
			buildActionMask = 2147483647;
			files = (
				2877E8211811B64000546343 /* InfoPlist.strings in Resources */,
			);
			runOnlyForDeploymentPostprocessing = 0;
		};
/* End PBXResourcesBuildPhase section */

/* Begin PBXSourcesBuildPhase section */
		2877E7F61811B64000546343 /* Sources */ = {
			isa = PBXSourcesBuildPhase;
			buildActionMask = 2147483647;
			files = (
				2877E8331812213400546343 /* BCMainViewController.m in Sources */,
				2877E80A1811B64000546343 /* main.m in Sources */,
				2877E80E1811B64000546343 /* BCAppDelegate.m in Sources */,
			);
			runOnlyForDeploymentPostprocessing = 0;
		};
		2877E8111811B64000546343 /* Sources */ = {
			isa = PBXSourcesBuildPhase;
			buildActionMask = 2147483647;
			files = (
				2877E8231811B64000546343 /* BrowserComsumptionTests.m in Sources */,
			);
			runOnlyForDeploymentPostprocessing = 0;
		};
/* End PBXSourcesBuildPhase section */

/* Begin PBXTargetDependency section */
		2877E81B1811B64000546343 /* PBXTargetDependency */ = {
			isa = PBXTargetDependency;
			target = 2877E7F91811B64000546343 /* BrowserComsumption */;
			targetProxy = 2877E81A1811B64000546343 /* PBXContainerItemProxy */;
		};
/* End PBXTargetDependency section */

/* Begin PBXVariantGroup section */
		2877E8061811B64000546343 /* InfoPlist.strings */ = {
			isa = PBXVariantGroup;
			children = (
				2877E8071811B64000546343 /* en */,
			);
			name = InfoPlist.strings;
			sourceTree = "<group>";
		};
		2877E81F1811B64000546343 /* InfoPlist.strings */ = {
			isa = PBXVariantGroup;
			children = (
				2877E8201811B64000546343 /* en */,
			);
			name = InfoPlist.strings;
			sourceTree = "<group>";
		};
/* End PBXVariantGroup section */

/* Begin XCBuildConfiguration section */
		2877E8241811B64000546343 /* Debug */ = {
			isa = XCBuildConfiguration;
			buildSettings = {
				ALWAYS_SEARCH_USER_PATHS = NO;
				ARCHS = "$(ARCHS_STANDARD_INCLUDING_64_BIT)";
				CLANG_CXX_LANGUAGE_STANDARD = "gnu++0x";
				CLANG_CXX_LIBRARY = "libc++";
				CLANG_ENABLE_MODULES = YES;
				CLANG_ENABLE_OBJC_ARC = YES;
				CLANG_WARN_BOOL_CONVERSION = YES;
				CLANG_WARN_CONSTANT_CONVERSION = YES;
				CLANG_WARN_DIRECT_OBJC_ISA_USAGE = YES_ERROR;
				CLANG_WARN_EMPTY_BODY = YES;
				CLANG_WARN_ENUM_CONVERSION = YES;
				CLANG_WARN_INT_CONVERSION = YES;
				CLANG_WARN_OBJC_ROOT_CLASS = YES_ERROR;
				CLANG_WARN__DUPLICATE_METHOD_MATCH = YES;
				"CODE_SIGN_IDENTITY[sdk=iphoneos*]" = "iPhone Developer";
				COPY_PHASE_STRIP = NO;
				GCC_C_LANGUAGE_STANDARD = gnu99;
				GCC_DYNAMIC_NO_PIC = NO;
				GCC_OPTIMIZATION_LEVEL = 0;
				GCC_PREPROCESSOR_DEFINITIONS = (
					"DEBUG=1",
					"$(inherited)",
				);
				GCC_SYMBOLS_PRIVATE_EXTERN = NO;
				GCC_WARN_64_TO_32_BIT_CONVERSION = YES;
				GCC_WARN_ABOUT_RETURN_TYPE = YES_ERROR;
				GCC_WARN_UNDECLARED_SELECTOR = YES;
				GCC_WARN_UNINITIALIZED_AUTOS = YES;
				GCC_WARN_UNUSED_FUNCTION = YES;
				GCC_WARN_UNUSED_VARIABLE = YES;
				IPHONEOS_DEPLOYMENT_TARGET = 7.0;
				ONLY_ACTIVE_ARCH = YES;
				SDKROOT = iphoneos;
			};
			name = Debug;
		};
		2877E8251811B64000546343 /* Release */ = {
			isa = XCBuildConfiguration;
			buildSettings = {
				ALWAYS_SEARCH_USER_PATHS = NO;
				ARCHS = "$(ARCHS_STANDARD_INCLUDING_64_BIT)";
				CLANG_CXX_LANGUAGE_STANDARD = "gnu++0x";
				CLANG_CXX_LIBRARY = "libc++";
				CLANG_ENABLE_MODULES = YES;
				CLANG_ENABLE_OBJC_ARC = YES;
				CLANG_WARN_BOOL_CONVERSION = YES;
				CLANG_WARN_CONSTANT_CONVERSION = YES;
				CLANG_WARN_DIRECT_OBJC_ISA_USAGE = YES_ERROR;
				CLANG_WARN_EMPTY_BODY = YES;
				CLANG_WARN_ENUM_CONVERSION = YES;
				CLANG_WARN_INT_CONVERSION = YES;
				CLANG_WARN_OBJC_ROOT_CLASS = YES_ERROR;
				CLANG_WARN__DUPLICATE_METHOD_MATCH = YES;
				"CODE_SIGN_IDENTITY[sdk=iphoneos*]" = "iPhone Developer";
				COPY_PHASE_STRIP = YES;
				ENABLE_NS_ASSERTIONS = NO;
				GCC_C_LANGUAGE_STANDARD = gnu99;
				GCC_WARN_64_TO_32_BIT_CONVERSION = YES;
				GCC_WARN_ABOUT_RETURN_TYPE = YES_ERROR;
				GCC_WARN_UNDECLARED_SELECTOR = YES;
				GCC_WARN_UNINITIALIZED_AUTOS = YES;
				GCC_WARN_UNUSED_FUNCTION = YES;
				GCC_WARN_UNUSED_VARIABLE = YES;
				IPHONEOS_DEPLOYMENT_TARGET = 7.0;
				SDKROOT = iphoneos;
				VALIDATE_PRODUCT = YES;
			};
			name = Release;
		};
		2877E8271811B64000546343 /* Debug */ = {
			isa = XCBuildConfiguration;
			buildSettings = {
				ARCHS = "$(ARCHS_STANDARD)";
				ASSETCATALOG_COMPILER_APPICON_NAME = AppIcon;
				ASSETCATALOG_COMPILER_LAUNCHIMAGE_NAME = LaunchImage;
				GCC_PRECOMPILE_PREFIX_HEADER = YES;
				GCC_PREFIX_HEADER = "BrowserComsumption/BrowserComsumption-Prefix.pch";
				INFOPLIST_FILE = "BrowserComsumption/BrowserComsumption-Info.plist";
				IPHONEOS_DEPLOYMENT_TARGET = 6.1;
				ONLY_ACTIVE_ARCH = YES;
				PRODUCT_NAME = "$(TARGET_NAME)";
				WRAPPER_EXTENSION = app;
			};
			name = Debug;
		};
		2877E8281811B64000546343 /* Release */ = {
			isa = XCBuildConfiguration;
			buildSettings = {
				ARCHS = "$(ARCHS_STANDARD)";
				ASSETCATALOG_COMPILER_APPICON_NAME = AppIcon;
				ASSETCATALOG_COMPILER_LAUNCHIMAGE_NAME = LaunchImage;
				GCC_PRECOMPILE_PREFIX_HEADER = YES;
				GCC_PREFIX_HEADER = "BrowserComsumption/BrowserComsumption-Prefix.pch";
				INFOPLIST_FILE = "BrowserComsumption/BrowserComsumption-Info.plist";
				IPHONEOS_DEPLOYMENT_TARGET = 6.1;
				ONLY_ACTIVE_ARCH = YES;
				PRODUCT_NAME = "$(TARGET_NAME)";
				WRAPPER_EXTENSION = app;
			};
			name = Release;
		};
		2877E82A1811B64000546343 /* Debug */ = {
			isa = XCBuildConfiguration;
			buildSettings = {
				ARCHS = "$(ARCHS_STANDARD_INCLUDING_64_BIT)";
				BUNDLE_LOADER = "$(BUILT_PRODUCTS_DIR)/BrowserComsumption.app/BrowserComsumption";
				FRAMEWORK_SEARCH_PATHS = (
					"$(SDKROOT)/Developer/Library/Frameworks",
					"$(inherited)",
					"$(DEVELOPER_FRAMEWORKS_DIR)",
				);
				GCC_PRECOMPILE_PREFIX_HEADER = YES;
				GCC_PREFIX_HEADER = "BrowserComsumption/BrowserComsumption-Prefix.pch";
				GCC_PREPROCESSOR_DEFINITIONS = (
					"DEBUG=1",
					"$(inherited)",
				);
				INFOPLIST_FILE = "BrowserComsumptionTests/BrowserComsumptionTests-Info.plist";
				PRODUCT_NAME = "$(TARGET_NAME)";
				TEST_HOST = "$(BUNDLE_LOADER)";
				WRAPPER_EXTENSION = xctest;
			};
			name = Debug;
		};
		2877E82B1811B64000546343 /* Release */ = {
			isa = XCBuildConfiguration;
			buildSettings = {
				ARCHS = "$(ARCHS_STANDARD_INCLUDING_64_BIT)";
				BUNDLE_LOADER = "$(BUILT_PRODUCTS_DIR)/BrowserComsumption.app/BrowserComsumption";
				FRAMEWORK_SEARCH_PATHS = (
					"$(SDKROOT)/Developer/Library/Frameworks",
					"$(inherited)",
					"$(DEVELOPER_FRAMEWORKS_DIR)",
				);
				GCC_PRECOMPILE_PREFIX_HEADER = YES;
				GCC_PREFIX_HEADER = "BrowserComsumption/BrowserComsumption-Prefix.pch";
				INFOPLIST_FILE = "BrowserComsumptionTests/BrowserComsumptionTests-Info.plist";
				PRODUCT_NAME = "$(TARGET_NAME)";
				TEST_HOST = "$(BUNDLE_LOADER)";
				WRAPPER_EXTENSION = xctest;
			};
			name = Release;
		};
/* End XCBuildConfiguration section */

/* Begin XCConfigurationList section */
		2877E7F51811B64000546343 /* Build configuration list for PBXProject "BrowserComsumption" */ = {
			isa = XCConfigurationList;
			buildConfigurations = (
				2877E8241811B64000546343 /* Debug */,
				2877E8251811B64000546343 /* Release */,
			);
			defaultConfigurationIsVisible = 0;
			defaultConfigurationName = Release;
		};
		2877E8261811B64000546343 /* Build configuration list for PBXNativeTarget "BrowserComsumption" */ = {
			isa = XCConfigurationList;
			buildConfigurations = (
				2877E8271811B64000546343 /* Debug */,
				2877E8281811B64000546343 /* Release */,
			);
			defaultConfigurationIsVisible = 0;
			defaultConfigurationName = Release;
		};
		2877E8291811B64000546343 /* Build configuration list for PBXNativeTarget "BrowserComsumptionTests" */ = {
			isa = XCConfigurationList;
			buildConfigurations = (
				2877E82A1811B64000546343 /* Debug */,
				2877E82B1811B64000546343 /* Release */,
			);
			defaultConfigurationIsVisible = 0;
			defaultConfigurationName = Release;
		};
/* End XCConfigurationList section */
	};
	rootObject = 2877E7F21811B64000546343 /* Project object */;
}
